
Microsoft Visual Studio Solution File, Format Version 12.00
# Visual Studio Version 16
VisualStudioVersion = 16.0.31613.86
MinimumVisualStudioVersion = 10.0.40219.1
Project("{9A19103F-16F7-4668-BE54-9A1E7A4F7556}") = "APIGateway", "APIGateway\APIGateway.csproj", "{791CE187-3CB6-42E8-B02E-E53711308FE1}"
EndProject
Project("{2150E333-8FDC-42A3-9474-1A3956D46DE8}") = "Services", "Services", "{D113385F-49B9-407D-9FD1-8C9870F13B54}"
EndProject
Project("{9A19103F-16F7-4668-BE54-9A1E7A4F7556}") = "Contact.API", "Services\ContactAPI\Contact.API\Contact.API.csproj", "{5FFE0465-27D1-4B7B-97D8-A8E2DD270174}"
EndProject
Project("{2150E333-8FDC-42A3-9474-1A3956D46DE8}") = "ContactAPI", "ContactAPI", "{C64D3429-CB06-4A16-8ACF-8338F170BBEB}"
EndProject
Project("{2150E333-8FDC-42A3-9474-1A3956D46DE8}") = "ReservationAPI", "ReservationAPI", "{F453F52B-96D6-4057-B549-9DD5EB359638}"
EndProject
Project("{9A19103F-16F7-4668-BE54-9A1E7A4F7556}") = "Contact.API.Infrastructure", "Services\ContactAPI\Contact.API.Infrastructure\Contact.API.Infrastructure.csproj", "{4AD901C7-1819-4AEC-904F-B54FE8CF13EC}"
EndProject
Project("{9A19103F-16F7-4668-BE54-9A1E7A4F7556}") = "Contact.API.Models", "Services\ContactAPI\Contact.API.Models\Contact.API.Models.csproj", "{970CCD35-3DD0-4C82-BCE1-8AFAFBB792B0}"
EndProject
Project("{9A19103F-16F7-4668-BE54-9A1E7A4F7556}") = "Contact.API.Services", "Services\ContactAPI\Contact.API.Services\Contact.API.Services.csproj", "{A18EA11F-3D69-4B93-9FAC-DBAFDC136814}"
EndProject
Project("{FAE04EC0-301F-11D3-BF4B-00C04F79EFBC}") = "Reservation.API.Infrastructure", "Services\Reservation.API\Reservation.API.Infrastructure\Reservation.API.Infrastructure.csproj", "{D1D1F0CA-75AD-42A5-ABC8-5A0DE87F190F}"
EndProject
Project("{FAE04EC0-301F-11D3-BF4B-00C04F79EFBC}") = "Reservation.API.Services", "Services\Reservation.API\Reservation.API.Services\Reservation.API.Services.csproj", "{AA24406F-3112-4150-8D81-ECB2BC0AA8D6}"
EndProject
Project("{FAE04EC0-301F-11D3-BF4B-00C04F79EFBC}") = "Reservation.API.Models", "Services\Reservation.API\Reservation.API.Models\Reservation.API.Models.csproj", "{6E8220E9-C57D-49B4-9E36-D2B64F9F1B5B}"
EndProject
Global
	GlobalSection(SolutionConfigurationPlatforms) = preSolution
		Debug|Any CPU = Debug|Any CPU
		Release|Any CPU = Release|Any CPU
	EndGlobalSection
	GlobalSection(ProjectConfigurationPlatforms) = postSolution
		{791CE187-3CB6-42E8-B02E-E53711308FE1}.Debug|Any CPU.ActiveCfg = Debug|Any CPU
		{791CE187-3CB6-42E8-B02E-E53711308FE1}.Debug|Any CPU.Build.0 = Debug|Any CPU
		{791CE187-3CB6-42E8-B02E-E53711308FE1}.Release|Any CPU.ActiveCfg = Release|Any CPU
		{791CE187-3CB6-42E8-B02E-E53711308FE1}.Release|Any CPU.Build.0 = Release|Any CPU
		{5FFE0465-27D1-4B7B-97D8-A8E2DD270174}.Debug|Any CPU.ActiveCfg = Debug|Any CPU
		{5FFE0465-27D1-4B7B-97D8-A8E2DD270174}.Debug|Any CPU.Build.0 = Debug|Any CPU
		{5FFE0465-27D1-4B7B-97D8-A8E2DD270174}.Release|Any CPU.ActiveCfg = Release|Any CPU
		{5FFE0465-27D1-4B7B-97D8-A8E2DD270174}.Release|Any CPU.Build.0 = Release|Any CPU
		{4AD901C7-1819-4AEC-904F-B54FE8CF13EC}.Debug|Any CPU.ActiveCfg = Debug|Any CPU
		{4AD901C7-1819-4AEC-904F-B54FE8CF13EC}.Debug|Any CPU.Build.0 = Debug|Any CPU
		{4AD901C7-1819-4AEC-904F-B54FE8CF13EC}.Release|Any CPU.ActiveCfg = Release|Any CPU
		{4AD901C7-1819-4AEC-904F-B54FE8CF13EC}.Release|Any CPU.Build.0 = Release|Any CPU
		{970CCD35-3DD0-4C82-BCE1-8AFAFBB792B0}.Debug|Any CPU.ActiveCfg = Debug|Any CPU
		{970CCD35-3DD0-4C82-BCE1-8AFAFBB792B0}.Debug|Any CPU.Build.0 = Debug|Any CPU
		{970CCD35-3DD0-4C82-BCE1-8AFAFBB792B0}.Release|Any CPU.ActiveCfg = Release|Any CPU
		{970CCD35-3DD0-4C82-BCE1-8AFAFBB792B0}.Release|Any CPU.Build.0 = Release|Any CPU
		{A18EA11F-3D69-4B93-9FAC-DBAFDC136814}.Debug|Any CPU.ActiveCfg = Debug|Any CPU
		{A18EA11F-3D69-4B93-9FAC-DBAFDC136814}.Debug|Any CPU.Build.0 = Debug|Any CPU
		{A18EA11F-3D69-4B93-9FAC-DBAFDC136814}.Release|Any CPU.ActiveCfg = Release|Any CPU
		{A18EA11F-3D69-4B93-9FAC-DBAFDC136814}.Release|Any CPU.Build.0 = Release|Any CPU
		{D1D1F0CA-75AD-42A5-ABC8-5A0DE87F190F}.Debug|Any CPU.ActiveCfg = Debug|Any CPU
		{D1D1F0CA-75AD-42A5-ABC8-5A0DE87F190F}.Debug|Any CPU.Build.0 = Debug|Any CPU
		{D1D1F0CA-75AD-42A5-ABC8-5A0DE87F190F}.Release|Any CPU.ActiveCfg = Release|Any CPU
		{D1D1F0CA-75AD-42A5-ABC8-5A0DE87F190F}.Release|Any CPU.Build.0 = Release|Any CPU
		{AA24406F-3112-4150-8D81-ECB2BC0AA8D6}.Debug|Any CPU.ActiveCfg = Debug|Any CPU
		{AA24406F-3112-4150-8D81-ECB2BC0AA8D6}.Debug|Any CPU.Build.0 = Debug|Any CPU
		{AA24406F-3112-4150-8D81-ECB2BC0AA8D6}.Release|Any CPU.ActiveCfg = Release|Any CPU
		{AA24406F-3112-4150-8D81-ECB2BC0AA8D6}.Release|Any CPU.Build.0 = Release|Any CPU
		{6E8220E9-C57D-49B4-9E36-D2B64F9F1B5B}.Debug|Any CPU.ActiveCfg = Debug|Any CPU
		{6E8220E9-C57D-49B4-9E36-D2B64F9F1B5B}.Debug|Any CPU.Build.0 = Debug|Any CPU
		{6E8220E9-C57D-49B4-9E36-D2B64F9F1B5B}.Release|Any CPU.ActiveCfg = Release|Any CPU
		{6E8220E9-C57D-49B4-9E36-D2B64F9F1B5B}.Release|Any CPU.Build.0 = Release|Any CPU
	EndGlobalSection
	GlobalSection(SolutionProperties) = preSolution
		HideSolutionNode = FALSE
	EndGlobalSection
	GlobalSection(NestedProjects) = preSolution
		{5FFE0465-27D1-4B7B-97D8-A8E2DD270174} = {C64D3429-CB06-4A16-8ACF-8338F170BBEB}
		{C64D3429-CB06-4A16-8ACF-8338F170BBEB} = {D113385F-49B9-407D-9FD1-8C9870F13B54}
		{F453F52B-96D6-4057-B549-9DD5EB359638} = {D113385F-49B9-407D-9FD1-8C9870F13B54}
		{4AD901C7-1819-4AEC-904F-B54FE8CF13EC} = {C64D3429-CB06-4A16-8ACF-8338F170BBEB}
		{970CCD35-3DD0-4C82-BCE1-8AFAFBB792B0} = {C64D3429-CB06-4A16-8ACF-8338F170BBEB}
		{A18EA11F-3D69-4B93-9FAC-DBAFDC136814} = {C64D3429-CB06-4A16-8ACF-8338F170BBEB}
		{D1D1F0CA-75AD-42A5-ABC8-5A0DE87F190F} = {F453F52B-96D6-4057-B549-9DD5EB359638}
		{AA24406F-3112-4150-8D81-ECB2BC0AA8D6} = {F453F52B-96D6-4057-B549-9DD5EB359638}
		{6E8220E9-C57D-49B4-9E36-D2B64F9F1B5B} = {F453F52B-96D6-4057-B549-9DD5EB359638}
	EndGlobalSection
	GlobalSection(ExtensibilityGlobals) = postSolution
		SolutionGuid = {74F00C7B-5DFB-4B61-B3FC-485EB19A65C2}
	EndGlobalSection
EndGlobal
